Microsoft Visual Studio Solution File, Format Version 12.00
# Visual Studio Version 17
VisualStudioVersion = 17.5.2.0
MinimumVisualStudioVersion = 10.0.40219.1
Project("{FAE04EC0-301F-11D3-BF4B-00C04F79EFBC}") = "Flappy-Bird", "Flappy-Bird.csproj", "{955D67EC-771C-CCA1-E6FE-6491F6356ADD}"
EndProject
Global
	GlobalSection(SolutionConfigurationPlatforms) = preSolution
		Debug|Any CPU = Debug|Any CPU
		Release|Any CPU = Release|Any CPU
	EndGlobalSection
	GlobalSection(ProjectConfigurationPlatforms) = postSolution
		{955D67EC-771C-CCA1-E6FE-6491F6356ADD}.Debug|Any CPU.ActiveCfg = Debug|Any CPU
		{955D67EC-771C-CCA1-E6FE-6491F6356ADD}.Debug|Any CPU.Build.0 = Debug|Any CPU
		{955D67EC-771C-CCA1-E6FE-6491F6356ADD}.Release|Any CPU.ActiveCfg = Release|Any CPU
		{955D67EC-771C-CCA1-E6FE-6491F6356ADD}.Release|Any CPU.Build.0 = Release|Any CPU
	EndGlobalSection
	GlobalSection(SolutionProperties) = preSolution
		HideSolutionNode = FALSE
	EndGlobalSection
	GlobalSection(ExtensibilityGlobals) = postSolution
		SolutionGuid = {0D9F306D-67BC-4225-9511-2F8E1EB848B9}
	EndGlobalSection
EndGlobal
